{
  "name": "frontend",
  "lockfileVersion": 3,
  "requires": true,
  "packages": {
    "": {
      "dependencies": {
        "notes-app-mern": "file:.."
      }
    },
    "..": {
      "name": "notes-app-mern",
      "version": "1.0.0",
      "license": "ISC"
    },
    "node_modules/notes-app-mern": {
      "resolved": "..",
      "link": true
    }
  }
}
